dependencies:
- name: kubevirt-operator
  repository: file://dependency_charts/kubevirt-operator
  version: 0.2.0
- name: kubevirt
  repository: file://dependency_charts/kubevirt
  version: 0.1.0
- name: harvester-network-controller
  repository: https://charts.harvesterhci.io
  version: 0.3.3
- name: harvester-node-disk-manager
  repository: https://charts.harvesterhci.io
  version: 0.6.0
- name: csi-snapshotter
  repository: file://dependency_charts/csi-snapshotter
  version: 0.2.0
- name: longhorn
  repository: file://dependency_charts/longhorn
  version: 1.6.0-dev
- name: kube-vip
  repository: https://kube-vip.github.io/helm-charts
  version: 0.4.2
- name: harvester-load-balancer
  repository: https://charts.harvesterhci.io
  version: 0.2.0
- name: whereabouts
  repository: file://dependency_charts/whereabouts
  version: 0.1.1
- name: harvester-node-manager
  repository: https://charts.harvesterhci.io
  version: 0.2.3
- name: snapshot-validation-webhook
  repository: file://dependency_charts/snapshot-validation-webhook
  version: 0.2.0
digest: sha256:9dca6b53df797898daa2b1ca2decd4ed2d356f86a62931666055da90041b9bf3
generated: "2024-05-20T11:08:58.175081535+10:00"
